// !$*UTF8*$!
{
	archiveVersion = 1;
	classes = {
	};
	objectVersion = 77;
	objects = {

/* Begin PBXBuildFile section */
		03A41D4C3CC1F74458B499CD /* CommonPhrasesStore.swift in Sources */ = {isa = PBXBuildFile; fileRef = 62E1F47E4FB851D14740113B /* CommonPhrasesStore.swift */; };
		0E08EF70668644FAE020260D /* DeviceIDStore.swift in Sources */ = {isa = PBXBuildFile; fileRef = 2B8E83A4F2909F096A93F39A /* DeviceIDStore.swift */; };
		153D9836CAC98CC0F8311E3C /* KeyboardViewController.swift in Sources */ = {isa = PBXBuildFile; fileRef = 66042E156175D4B72AB125DD /* KeyboardViewController.swift */; };
		16C14084C6118E3E41189DD5 /* SayWellKeyboard.appex in Embed Foundation Extensions */ = {isa = PBXBuildFile; fileRef = 13384F357F07A00CBA941FBB /* SayWellKeyboard.appex */; settings = {ATTRIBUTES = (RemoveHeadersOnCopy, ); }; };
		1952CFF101FF8DB150F81E7E /* FloatingNavBar.swift in Sources */ = {isa = PBXBuildFile; fileRef = 9F9F1C1F35006D2F501CB4BC /* FloatingNavBar.swift */; };
		1AD1A2880C32CC551385F6A8 /* TranslationModels.swift in Sources */ = {isa = PBXBuildFile; fileRef = 77BF1C46C4D5176C1C5EC9B5 /* TranslationModels.swift */; };
		1C7B86A291A38EFAA18300CC /* CommonPhrasesStore.swift in Sources */ = {isa = PBXBuildFile; fileRef = 62E1F47E4FB851D14740113B /* CommonPhrasesStore.swift */; };
		337C75A3D9AC4E1A8917F38E /* PhraseAliasStore.swift in Sources */ = {isa = PBXBuildFile; fileRef = 968C1C82BBC68138B709FF1B /* PhraseAliasStore.swift */; };
		3BD1A2F765BF0D34C39F6612 /* TranslationModels.swift in Sources */ = {isa = PBXBuildFile; fileRef = 77BF1C46C4D5176C1C5EC9B5 /* TranslationModels.swift */; };
		474E93F9F1F0546C283A01B5 /* SayWellAPI.swift in Sources */ = {isa = PBXBuildFile; fileRef = F40FCACCA20B89BEE79190E4 /* SayWellAPI.swift */; };
		47A2DCD2D9A99F9943B41E5D /* PhraseAliasStore.swift in Sources */ = {isa = PBXBuildFile; fileRef = 968C1C82BBC68138B709FF1B /* PhraseAliasStore.swift */; };
		4982C877804C370F569D7D96 /* PrivacyDisclosureView.swift in Sources */ = {isa = PBXBuildFile; fileRef = 4293CB5C65E8B125AAA14FD3 /* PrivacyDisclosureView.swift */; };
		4AE8FD04DCFD7BA1984FB696 /* TranslationHistoryStore.swift in Sources */ = {isa = PBXBuildFile; fileRef = 8ED249DB24B47FE057183F70 /* TranslationHistoryStore.swift */; };
		4D245308AE8640F699CF53A8 /* SayWellAPI.swift in Sources */ = {isa = PBXBuildFile; fileRef = F40FCACCA20B89BEE79190E4 /* SayWellAPI.swift */; };
		509BF7D70D9546DE87E0D927 /* KeyboardView.swift in Sources */ = {isa = PBXBuildFile; fileRef = E61B148C08C617CA67F25744 /* KeyboardView.swift */; };
		51616BAE3B1A57D6F2C43912 /* emojis.json in Resources */ = {isa = PBXBuildFile; fileRef = 3FA03D4692C941771052A085 /* emojis.json */; };
		52DCC0187917352FBBB4E690 /* SayWellApp.swift in Sources */ = {isa = PBXBuildFile; fileRef = E475D773A141A4599D2F48D5 /* SayWellApp.swift */; };
		5657FBF53CB4B4AF5970C693 /* GibberishDetection.swift in Sources */ = {isa = PBXBuildFile; fileRef = 2CD34FF31904D7726A30DA1E /* GibberishDetection.swift */; };
		566723FDD40283BCFFDA58A4 /* LocalPhraseCache.swift in Sources */ = {isa = PBXBuildFile; fileRef = D243D717CC99A1D70EA8292D /* LocalPhraseCache.swift */; };
		70759A9E1FAB3EC100B98B51 /* KeyboardStatusStore.swift in Sources */ = {isa = PBXBuildFile; fileRef = B28FE9DF20F4CD0D58C4840B /* KeyboardStatusStore.swift */; };
		76A3301C31A75288E5D2EF85 /* EmojiCatalog.swift in Sources */ = {isa = PBXBuildFile; fileRef = C016B239B26E8E7E94B51438 /* EmojiCatalog.swift */; };
		79F8394F5C9913E21ED63525 /* RecentTranslationsSection.swift in Sources */ = {isa = PBXBuildFile; fileRef = EFBCE2B830AA4BCCEAD89FFE /* RecentTranslationsSection.swift */; };
		8B1966D1D5B7FF3A9B71D5FD /* variants.json in Resources */ = {isa = PBXBuildFile; fileRef = 57E67E3FF5E1D53B3E5F3F06 /* variants.json */; };
		91AB25EB0DAF8431333C48F3 /* GibberishDetection.swift in Sources */ = {isa = PBXBuildFile; fileRef = 2CD34FF31904D7726A30DA1E /* GibberishDetection.swift */; };
		9F5B9891A5829C55BDBB20DA /* KeyboardStatusStore.swift in Sources */ = {isa = PBXBuildFile; fileRef = B28FE9DF20F4CD0D58C4840B /* KeyboardStatusStore.swift */; };
		A57727E7C3891B132A1FDD9F /* DeviceIDStore.swift in Sources */ = {isa = PBXBuildFile; fileRef = 2B8E83A4F2909F096A93F39A /* DeviceIDStore.swift */; };
		AA81C74CB2A7CAFD8A166CE6 /* SinglishNormalizer.swift in Sources */ = {isa = PBXBuildFile; fileRef = D1C96E3049033B1F57D47074 /* SinglishNormalizer.swift */; };
		B0E949716D22C0F859916A2A /* TranslationViewModel.swift in Sources */ = {isa = PBXBuildFile; fileRef = 1D56BA5D2BEEE4AECC969C4E /* TranslationViewModel.swift */; };
		BECF1F022A368B77C272F376 /* TranslationComponents.swift in Sources */ = {isa = PBXBuildFile; fileRef = 2A162156330BB6482195590D /* TranslationComponents.swift */; };
		C2E28C18C9CD8CA65150EFB8 /* LocalPhraseCache.swift in Sources */ = {isa = PBXBuildFile; fileRef = D243D717CC99A1D70EA8292D /* LocalPhraseCache.swift */; };
		C831D996570E4C0CF9CE6BC0 /* SayWellTheme.swift in Sources */ = {isa = PBXBuildFile; fileRef = AA1B698604D92F098295E3D8 /* SayWellTheme.swift */; };
		CBC5D2292317699F981ED52B /* PrivacyInfo.xcprivacy in Resources */ = {isa = PBXBuildFile; fileRef = 818AA3CC2D814D5E07324525 /* PrivacyInfo.xcprivacy */; };
		CDBA4FCAF7F495A1FBAC1E18 /* Assets.xcassets in Resources */ = {isa = PBXBuildFile; fileRef = 79D8AD5124A7F60AA47909E6 /* Assets.xcassets */; };
		DD895F5971B19E65817E99D7 /* SinglishNormalizer.swift in Sources */ = {isa = PBXBuildFile; fileRef = D1C96E3049033B1F57D47074 /* SinglishNormalizer.swift */; };
		E4AF45D44FC15C5452DA2E9A /* TranslationSuggester.swift in Sources */ = {isa = PBXBuildFile; fileRef = 07F8D401C09948DC945AE574 /* TranslationSuggester.swift */; };
		E50E20E8BA898B2577C0596D /* PrivacyInfo.xcprivacy in Resources */ = {isa = PBXBuildFile; fileRef = 584394D89FE942D7514ADF6E /* PrivacyInfo.xcprivacy */; };
		EEFCE895C48909945C474993 /* ContentView.swift in Sources */ = {isa = PBXBuildFile; fileRef = C5E5D62DE7983AE6C55F9C4E /* ContentView.swift */; };
		F4FF2869F93C9D1B67B54120 /* KeyboardSetupViews.swift in Sources */ = {isa = PBXBuildFile; fileRef = D44E749D94B109273CB2F7A1 /* KeyboardSetupViews.swift */; };
/* End PBXBuildFile section */

/* Begin PBXContainerItemProxy section */
		AE658CF009E09B794A45E9AA /* PBXContainerItemProxy */ = {
			isa = PBXContainerItemProxy;
			containerPortal = A053A6CA69C5550F5B9C33C6 /* Project object */;
			proxyType = 1;
			remoteGlobalIDString = AA6FFB8B77686AAF6E18AB6F;
			remoteInfo = SayWellKeyboard;
		};
/* End PBXContainerItemProxy section */

/* Begin PBXCopyFilesBuildPhase section */
		1F136D3D42E9649C034850CD /* Embed Foundation Extensions */ = {
			isa = PBXCopyFilesBuildPhase;
			buildActionMask = 2147483647;
			dstPath = "";
			dstSubfolderSpec = 13;
			files = (
				16C14084C6118E3E41189DD5 /* SayWellKeyboard.appex in Embed Foundation Extensions */,
			);
			name = "Embed Foundation Extensions";
			runOnlyForDeploymentPostprocessing = 0;
		};
/* End PBXCopyFilesBuildPhase section */

/* Begin PBXFileReference section */
		07F8D401C09948DC945AE574 /* TranslationSuggester.swift */ = {isa = PBXFileReference; lastKnownFileType = sourcecode.swift; path = TranslationSuggester.swift; sourceTree = "<group>"; };
		13384F357F07A00CBA941FBB /* SayWellKeyboard.appex */ = {isa = PBXFileReference; includeInIndex = 0; lastKnownFileType = "wrapper.app-extension"; path = SayWellKeyboard.appex; sourceTree = BUILT_PRODUCTS_DIR; };
		1D56BA5D2BEEE4AECC969C4E /* TranslationViewModel.swift */ = {isa = PBXFileReference; lastKnownFileType = sourcecode.swift; path = TranslationViewModel.swift; sourceTree = "<group>"; };
		2A162156330BB6482195590D /* TranslationComponents.swift */ = {isa = PBXFileReference; lastKnownFileType = sourcecode.swift; path = TranslationComponents.swift; sourceTree = "<group>"; };
		2B8E83A4F2909F096A93F39A /* DeviceIDStore.swift */ = {isa = PBXFileReference; lastKnownFileType = sourcecode.swift; path = DeviceIDStore.swift; sourceTree = "<group>"; };
		2CD34FF31904D7726A30DA1E /* GibberishDetection.swift */ = {isa = PBXFileReference; lastKnownFileType = sourcecode.swift; path = GibberishDetection.swift; sourceTree = "<group>"; };
		3FA03D4692C941771052A085 /* emojis.json */ = {isa = PBXFileReference; lastKnownFileType = text.json; path = emojis.json; sourceTree = "<group>"; };
		4293CB5C65E8B125AAA14FD3 /* PrivacyDisclosureView.swift */ = {isa = PBXFileReference; lastKnownFileType = sourcecode.swift; path = PrivacyDisclosureView.swift; sourceTree = "<group>"; };
		57E67E3FF5E1D53B3E5F3F06 /* variants.json */ = {isa = PBXFileReference; lastKnownFileType = text.json; path = variants.json; sourceTree = "<group>"; };
		584394D89FE942D7514ADF6E /* PrivacyInfo.xcprivacy */ = {isa = PBXFileReference; path = PrivacyInfo.xcprivacy; sourceTree = "<group>"; };
		62E1F47E4FB851D14740113B /* CommonPhrasesStore.swift */ = {isa = PBXFileReference; lastKnownFileType = sourcecode.swift; path = CommonPhrasesStore.swift; sourceTree = "<group>"; };
		66042E156175D4B72AB125DD /* KeyboardViewController.swift */ = {isa = PBXFileReference; lastKnownFileType = sourcecode.swift; path = KeyboardViewController.swift; sourceTree = "<group>"; };
		77BF1C46C4D5176C1C5EC9B5 /* TranslationModels.swift */ = {isa = PBXFileReference; lastKnownFileType = sourcecode.swift; path = TranslationModels.swift; sourceTree = "<group>"; };
		79D8AD5124A7F60AA47909E6 /* Assets.xcassets */ = {isa = PBXFileReference; lastKnownFileType = folder.assetcatalog; path = Assets.xcassets; sourceTree = "<group>"; };
		7FBC1841814C133F9DF5F101 /* SayWell.entitlements */ = {isa = PBXFileReference; lastKnownFileType = text.plist.entitlements; path = SayWell.entitlements; sourceTree = "<group>"; };
		818AA3CC2D814D5E07324525 /* PrivacyInfo.xcprivacy */ = {isa = PBXFileReference; path = PrivacyInfo.xcprivacy; sourceTree = "<group>"; };
		8ED249DB24B47FE057183F70 /* TranslationHistoryStore.swift */ = {isa = PBXFileReference; lastKnownFileType = sourcecode.swift; path = TranslationHistoryStore.swift; sourceTree = "<group>"; };
		968C1C82BBC68138B709FF1B /* PhraseAliasStore.swift */ = {isa = PBXFileReference; lastKnownFileType = sourcecode.swift; path = PhraseAliasStore.swift; sourceTree = "<group>"; };
		9F9F1C1F35006D2F501CB4BC /* FloatingNavBar.swift */ = {isa = PBXFileReference; lastKnownFileType = sourcecode.swift; path = FloatingNavBar.swift; sourceTree = "<group>"; };
		AA1B698604D92F098295E3D8 /* SayWellTheme.swift */ = {isa = PBXFileReference; lastKnownFileType = sourcecode.swift; path = SayWellTheme.swift; sourceTree = "<group>"; };
		B28FE9DF20F4CD0D58C4840B /* KeyboardStatusStore.swift */ = {isa = PBXFileReference; lastKnownFileType = sourcecode.swift; path = KeyboardStatusStore.swift; sourceTree = "<group>"; };
		C016B239B26E8E7E94B51438 /* EmojiCatalog.swift */ = {isa = PBXFileReference; lastKnownFileType = sourcecode.swift; path = EmojiCatalog.swift; sourceTree = "<group>"; };
		C5E5D62DE7983AE6C55F9C4E /* ContentView.swift */ = {isa = PBXFileReference; lastKnownFileType = sourcecode.swift; path = ContentView.swift; sourceTree = "<group>"; };
		D1C96E3049033B1F57D47074 /* SinglishNormalizer.swift */ = {isa = PBXFileReference; lastKnownFileType = sourcecode.swift; path = SinglishNormalizer.swift; sourceTree = "<group>"; };
		D243D717CC99A1D70EA8292D /* LocalPhraseCache.swift */ = {isa = PBXFileReference; lastKnownFileType = sourcecode.swift; path = LocalPhraseCache.swift; sourceTree = "<group>"; };
		D44E749D94B109273CB2F7A1 /* KeyboardSetupViews.swift */ = {isa = PBXFileReference; lastKnownFileType = sourcecode.swift; path = KeyboardSetupViews.swift; sourceTree = "<group>"; };
		D5B62247EE53059B7815FDC9 /* SayWell.app */ = {isa = PBXFileReference; includeInIndex = 0; lastKnownFileType = wrapper.application; path = SayWell.app; sourceTree = BUILT_PRODUCTS_DIR; };
		E475D773A141A4599D2F48D5 /* SayWellApp.swift */ = {isa = PBXFileReference; lastKnownFileType = sourcecode.swift; path = SayWellApp.swift; sourceTree = "<group>"; };
		E61B148C08C617CA67F25744 /* KeyboardView.swift */ = {isa = PBXFileReference; lastKnownFileType = sourcecode.swift; path = KeyboardView.swift; sourceTree = "<group>"; };
		EFBCE2B830AA4BCCEAD89FFE /* RecentTranslationsSection.swift */ = {isa = PBXFileReference; lastKnownFileType = sourcecode.swift; path = RecentTranslationsSection.swift; sourceTree = "<group>"; };
		F40FCACCA20B89BEE79190E4 /* SayWellAPI.swift */ = {isa = PBXFileReference; lastKnownFileType = sourcecode.swift; path = SayWellAPI.swift; sourceTree = "<group>"; };
/* End PBXFileReference section */

/* Begin PBXGroup section */
		01854D4B93BC17B92C9C18DF /* Resources */ = {
			isa = PBXGroup;
			children = (
				3FA03D4692C941771052A085 /* emojis.json */,
				57E67E3FF5E1D53B3E5F3F06 /* variants.json */,
			);
			path = Resources;
			sourceTree = "<group>";
		};
		214DF92CF189275F95522245 /* Views */ = {
			isa = PBXGroup;
			children = (
				C5E5D62DE7983AE6C55F9C4E /* ContentView.swift */,
				9F9F1C1F35006D2F501CB4BC /* FloatingNavBar.swift */,
				D44E749D94B109273CB2F7A1 /* KeyboardSetupViews.swift */,
				4293CB5C65E8B125AAA14FD3 /* PrivacyDisclosureView.swift */,
				EFBCE2B830AA4BCCEAD89FFE /* RecentTranslationsSection.swift */,
				2A162156330BB6482195590D /* TranslationComponents.swift */,
			);
			path = Views;
			sourceTree = "<group>";
		};
		262AD435CA5820754A33FA8D /* SayWellKeyboard */ = {
			isa = PBXGroup;
			children = (
				C016B239B26E8E7E94B51438 /* EmojiCatalog.swift */,
				E61B148C08C617CA67F25744 /* KeyboardView.swift */,
				66042E156175D4B72AB125DD /* KeyboardViewController.swift */,
				818AA3CC2D814D5E07324525 /* PrivacyInfo.xcprivacy */,
				07F8D401C09948DC945AE574 /* TranslationSuggester.swift */,
				01854D4B93BC17B92C9C18DF /* Resources */,
			);
			path = SayWellKeyboard;
			sourceTree = "<group>";
		};
		36172409B6647FA1E83C6726 /* Theme */ = {
			isa = PBXGroup;
			children = (
				AA1B698604D92F098295E3D8 /* SayWellTheme.swift */,
			);
			path = Theme;
			sourceTree = "<group>";
		};
		4DE9BD1D661B6DEF50DFCE15 /* Products */ = {
			isa = PBXGroup;
			children = (
				D5B62247EE53059B7815FDC9 /* SayWell.app */,
				13384F357F07A00CBA941FBB /* SayWellKeyboard.appex */,
			);
			name = Products;
			sourceTree = "<group>";
		};
		8030A70D350469CB53AB0CFA /* Shared */ = {
			isa = PBXGroup;
			children = (
				62E1F47E4FB851D14740113B /* CommonPhrasesStore.swift */,
				2B8E83A4F2909F096A93F39A /* DeviceIDStore.swift */,
				2CD34FF31904D7726A30DA1E /* GibberishDetection.swift */,
				B28FE9DF20F4CD0D58C4840B /* KeyboardStatusStore.swift */,
				D243D717CC99A1D70EA8292D /* LocalPhraseCache.swift */,
				968C1C82BBC68138B709FF1B /* PhraseAliasStore.swift */,
				F40FCACCA20B89BEE79190E4 /* SayWellAPI.swift */,
				D1C96E3049033B1F57D47074 /* SinglishNormalizer.swift */,
				77BF1C46C4D5176C1C5EC9B5 /* TranslationModels.swift */,
			);
			path = Shared;
			sourceTree = "<group>";
		};
		C55171E1F1A84CA5FEF7250F = {
			isa = PBXGroup;
			children = (
				FB158F8C8FEA2163C16F5EBA /* SayWell */,
				262AD435CA5820754A33FA8D /* SayWellKeyboard */,
				8030A70D350469CB53AB0CFA /* Shared */,
				4DE9BD1D661B6DEF50DFCE15 /* Products */,
			);
			sourceTree = "<group>";
		};
		DE34FE7E5C37BA123DE82E9A /* ViewModels */ = {
			isa = PBXGroup;
			children = (
				8ED249DB24B47FE057183F70 /* TranslationHistoryStore.swift */,
				1D56BA5D2BEEE4AECC969C4E /* TranslationViewModel.swift */,
			);
			path = ViewModels;
			sourceTree = "<group>";
		};
		FB158F8C8FEA2163C16F5EBA /* SayWell */ = {
			isa = PBXGroup;
			children = (
				79D8AD5124A7F60AA47909E6 /* Assets.xcassets */,
				584394D89FE942D7514ADF6E /* PrivacyInfo.xcprivacy */,
				7FBC1841814C133F9DF5F101 /* SayWell.entitlements */,
				E475D773A141A4599D2F48D5 /* SayWellApp.swift */,
				36172409B6647FA1E83C6726 /* Theme */,
				DE34FE7E5C37BA123DE82E9A /* ViewModels */,
				214DF92CF189275F95522245 /* Views */,
			);
			path = SayWell;
			sourceTree = "<group>";
		};
/* End PBXGroup section */

/* Begin PBXNativeTarget section */
		6EBC1C90E1C66AC715EF8DE6 /* SayWell */ = {
			isa = PBXNativeTarget;
			buildConfigurationList = CBC9C9EA5FD3E5FC28D89545 /* Build configuration list for PBXNativeTarget "SayWell" */;
			buildPhases = (
				9A78532DEE34CE46BF3719DD /* Sources */,
				32E534C3AECF40994184D692 /* Resources */,
				1F136D3D42E9649C034850CD /* Embed Foundation Extensions */,
			);
			buildRules = (
			);
			dependencies = (
				34C1408C29ED17524DADCC26 /* PBXTargetDependency */,
			);
			name = SayWell;
			packageProductDependencies = (
			);
			productName = SayWell;
			productReference = D5B62247EE53059B7815FDC9 /* SayWell.app */;
			productType = "com.apple.product-type.application";
		};
		AA6FFB8B77686AAF6E18AB6F /* SayWellKeyboard */ = {
			isa = PBXNativeTarget;
			buildConfigurationList = C22035DC0B805CEE0D39E735 /* Build configuration list for PBXNativeTarget "SayWellKeyboard" */;
			buildPhases = (
				F9A4D1D58D0774C785AD1837 /* Sources */,
				C8F7AF8FFA8C616E6E07408D /* Resources */,
			);
			buildRules = (
			);
			dependencies = (
			);
			name = SayWellKeyboard;
			packageProductDependencies = (
			);
			productName = SayWellKeyboard;
			productReference = 13384F357F07A00CBA941FBB /* SayWellKeyboard.appex */;
			productType = "com.apple.product-type.app-extension";
		};
/* End PBXNativeTarget section */

/* Begin PBXProject section */
		A053A6CA69C5550F5B9C33C6 /* Project object */ = {
			isa = PBXProject;
			attributes = {
				BuildIndependentTargetsInParallel = YES;
				LastUpgradeCheck = 1600;
				TargetAttributes = {
					6EBC1C90E1C66AC715EF8DE6 = {
						DevelopmentTeam = B2FR24RN8D;
						ProvisioningStyle = Automatic;
					};
					AA6FFB8B77686AAF6E18AB6F = {
						DevelopmentTeam = B2FR24RN8D;
						ProvisioningStyle = Automatic;
					};
				};
			};
			buildConfigurationList = 579E54D5AEC784AFB75445D1 /* Build configuration list for PBXProject "SayWell" */;
			developmentRegion = en;
			hasScannedForEncodings = 0;
			knownRegions = (
				Base,
				en,
			);
			mainGroup = C55171E1F1A84CA5FEF7250F;
			minimizedProjectReferenceProxies = 1;
			preferredProjectObjectVersion = 77;
			productRefGroup = 4DE9BD1D661B6DEF50DFCE15 /* Products */;
			projectDirPath = "";
			projectRoot = "";
			targets = (
				6EBC1C90E1C66AC715EF8DE6 /* SayWell */,
				AA6FFB8B77686AAF6E18AB6F /* SayWellKeyboard */,
			);
		};
/* End PBXProject section */

/* Begin PBXResourcesBuildPhase section */
		32E534C3AECF40994184D692 /* Resources */ = {
			isa = PBXResourcesBuildPhase;
			buildActionMask = 2147483647;
			files = (
				CDBA4FCAF7F495A1FBAC1E18 /* Assets.xcassets in Resources */,
				E50E20E8BA898B2577C0596D /* PrivacyInfo.xcprivacy in Resources */,
			);
			runOnlyForDeploymentPostprocessing = 0;
		};
		C8F7AF8FFA8C616E6E07408D /* Resources */ = {
			isa = PBXResourcesBuildPhase;
			buildActionMask = 2147483647;
			files = (
				CBC5D2292317699F981ED52B /* PrivacyInfo.xcprivacy in Resources */,
				51616BAE3B1A57D6F2C43912 /* emojis.json in Resources */,
				8B1966D1D5B7FF3A9B71D5FD /* variants.json in Resources */,
			);
			runOnlyForDeploymentPostprocessing = 0;
		};
/* End PBXResourcesBuildPhase section */

/* Begin PBXSourcesBuildPhase section */
		9A78532DEE34CE46BF3719DD /* Sources */ = {
			isa = PBXSourcesBuildPhase;
			buildActionMask = 2147483647;
			files = (
				03A41D4C3CC1F74458B499CD /* CommonPhrasesStore.swift in Sources */,
				EEFCE895C48909945C474993 /* ContentView.swift in Sources */,
				0E08EF70668644FAE020260D /* DeviceIDStore.swift in Sources */,
				1952CFF101FF8DB150F81E7E /* FloatingNavBar.swift in Sources */,
				5657FBF53CB4B4AF5970C693 /* GibberishDetection.swift in Sources */,
				F4FF2869F93C9D1B67B54120 /* KeyboardSetupViews.swift in Sources */,
				70759A9E1FAB3EC100B98B51 /* KeyboardStatusStore.swift in Sources */,
				C2E28C18C9CD8CA65150EFB8 /* LocalPhraseCache.swift in Sources */,
				337C75A3D9AC4E1A8917F38E /* PhraseAliasStore.swift in Sources */,
				4982C877804C370F569D7D96 /* PrivacyDisclosureView.swift in Sources */,
				79F8394F5C9913E21ED63525 /* RecentTranslationsSection.swift in Sources */,
				4D245308AE8640F699CF53A8 /* SayWellAPI.swift in Sources */,
				52DCC0187917352FBBB4E690 /* SayWellApp.swift in Sources */,
				C831D996570E4C0CF9CE6BC0 /* SayWellTheme.swift in Sources */,
				DD895F5971B19E65817E99D7 /* SinglishNormalizer.swift in Sources */,
				BECF1F022A368B77C272F376 /* TranslationComponents.swift in Sources */,
				4AE8FD04DCFD7BA1984FB696 /* TranslationHistoryStore.swift in Sources */,
				3BD1A2F765BF0D34C39F6612 /* TranslationModels.swift in Sources */,
				B0E949716D22C0F859916A2A /* TranslationViewModel.swift in Sources */,
			);
			runOnlyForDeploymentPostprocessing = 0;
		};
		F9A4D1D58D0774C785AD1837 /* Sources */ = {
			isa = PBXSourcesBuildPhase;
			buildActionMask = 2147483647;
			files = (
				1C7B86A291A38EFAA18300CC /* CommonPhrasesStore.swift in Sources */,
				A57727E7C3891B132A1FDD9F /* DeviceIDStore.swift in Sources */,
				76A3301C31A75288E5D2EF85 /* EmojiCatalog.swift in Sources */,
				91AB25EB0DAF8431333C48F3 /* GibberishDetection.swift in Sources */,
				9F5B9891A5829C55BDBB20DA /* KeyboardStatusStore.swift in Sources */,
				509BF7D70D9546DE87E0D927 /* KeyboardView.swift in Sources */,
				153D9836CAC98CC0F8311E3C /* KeyboardViewController.swift in Sources */,
				566723FDD40283BCFFDA58A4 /* LocalPhraseCache.swift in Sources */,
				47A2DCD2D9A99F9943B41E5D /* PhraseAliasStore.swift in Sources */,
				474E93F9F1F0546C283A01B5 /* SayWellAPI.swift in Sources */,
				AA81C74CB2A7CAFD8A166CE6 /* SinglishNormalizer.swift in Sources */,
				1AD1A2880C32CC551385F6A8 /* TranslationModels.swift in Sources */,
				E4AF45D44FC15C5452DA2E9A /* TranslationSuggester.swift in Sources */,
			);
			runOnlyForDeploymentPostprocessing = 0;
		};
/* End PBXSourcesBuildPhase section */

/* Begin PBXTargetDependency section */
		34C1408C29ED17524DADCC26 /* PBXTargetDependency */ = {
			isa = PBXTargetDependency;
			target = AA6FFB8B77686AAF6E18AB6F /* SayWellKeyboard */;
			targetProxy = AE658CF009E09B794A45E9AA /* PBXContainerItemProxy */;
		};
/* End PBXTargetDependency section */

/* Begin XCBuildConfiguration section */
		0930A509CF7E9AA567013BEC /* Debug */ = {
			isa = XCBuildConfiguration;
			buildSettings = {
				ALWAYS_SEARCH_USER_PATHS = NO;
				CLANG_ANALYZER_NONNULL = YES;
				CLANG_ANALYZER_NUMBER_OBJECT_CONVERSION = YES_AGGRESSIVE;
				CLANG_CXX_LANGUAGE_STANDARD = "gnu++14";
				CLANG_CXX_LIBRARY = "libc++";
				CLANG_ENABLE_MODULES = YES;
				CLANG_ENABLE_OBJC_ARC = YES;
				CLANG_ENABLE_OBJC_WEAK = YES;
				CLANG_WARN_BLOCK_CAPTURE_AUTORELEASING = YES;
				CLANG_WARN_BOOL_CONVERSION = YES;
				CLANG_WARN_COMMA = YES;
				CLANG_WARN_CONSTANT_CONVERSION = YES;
				CLANG_WARN_DEPRECATED_OBJC_IMPLEMENTATIONS = YES;
				CLANG_WARN_DIRECT_OBJC_ISA_USAGE = YES_ERROR;
				CLANG_WARN_DOCUMENTATION_COMMENTS = YES;
				CLANG_WARN_EMPTY_BODY = YES;
				CLANG_WARN_ENUM_CONVERSION = YES;
				CLANG_WARN_INFINITE_RECURSION = YES;
				CLANG_WARN_INT_CONVERSION = YES;
				CLANG_WARN_NON_LITERAL_NULL_CONVERSION = YES;
				CLANG_WARN_OBJC_IMPLICIT_RETAIN_SELF = YES;
				CLANG_WARN_OBJC_LITERAL_CONVERSION = YES;
				CLANG_WARN_OBJC_ROOT_CLASS = YES_ERROR;
				CLANG_WARN_QUOTED_INCLUDE_IN_FRAMEWORK_HEADER = YES;
				CLANG_WARN_RANGE_LOOP_ANALYSIS = YES;
				CLANG_WARN_STRICT_PROTOTYPES = YES;
				CLANG_WARN_SUSPICIOUS_MOVE = YES;
				CLANG_WARN_UNGUARDED_AVAILABILITY = YES_AGGRESSIVE;
				CLANG_WARN_UNREACHABLE_CODE = YES;
				CLANG_WARN__DUPLICATE_METHOD_MATCH = YES;
				CODE_SIGN_STYLE = Automatic;
				COPY_PHASE_STRIP = NO;
				DEBUG_INFORMATION_FORMAT = dwarf;
				DEVELOPMENT_TEAM = B2FR24RN8D;
				ENABLE_STRICT_OBJC_MSGSEND = YES;
				ENABLE_TESTABILITY = YES;
				ENABLE_USER_SCRIPT_SANDBOXING = YES;
				GCC_C_LANGUAGE_STANDARD = gnu11;
				GCC_DYNAMIC_NO_PIC = NO;
				GCC_NO_COMMON_BLOCKS = YES;
				GCC_OPTIMIZATION_LEVEL = 0;
				GCC_PREPROCESSOR_DEFINITIONS = (
					"$(inherited)",
					"DEBUG=1",
				);
				GCC_WARN_64_TO_32_BIT_CONVERSION = YES;
				GCC_WARN_ABOUT_RETURN_TYPE = YES_ERROR;
				GCC_WARN_UNDECLARED_SELECTOR = YES;
				GCC_WARN_UNINITIALIZED_AUTOS = YES_AGGRESSIVE;
				GCC_WARN_UNUSED_FUNCTION = YES;
				GCC_WARN_UNUSED_VARIABLE = YES;
				IPHONEOS_DEPLOYMENT_TARGET = 17.0;
				MTL_ENABLE_DEBUG_INFO = INCLUDE_SOURCE;
				MTL_FAST_MATH = YES;
				ONLY_ACTIVE_ARCH = YES;
				PRODUCT_NAME = "$(TARGET_NAME)";
				SDKROOT = iphoneos;
				STRING_CATALOG_GENERATE_SYMBOLS = YES;
				SWIFT_ACTIVE_COMPILATION_CONDITIONS = DEBUG;
				SWIFT_OPTIMIZATION_LEVEL = "-Onone";
				SWIFT_VERSION = 5.0;
				TARGETED_DEVICE_FAMILY = "1,2";
			};
			name = Debug;
		};
		4319FC8879F8ED4FCF86AD58 /* Release */ = {
			isa = XCBuildConfiguration;
			buildSettings = {
				CODE_SIGN_ENTITLEMENTS = SayWellKeyboard/SayWellKeyboard.entitlements;
				CODE_SIGN_STYLE = Automatic;
				CURRENT_PROJECT_VERSION = 1;
				DEVELOPMENT_TEAM = B2FR24RN8D;
				GENERATE_INFOPLIST_FILE = NO;
				INFOPLIST_FILE = SayWellKeyboard/Info.plist;
				LD_RUNPATH_SEARCH_PATHS = "$(inherited) @executable_path/Frameworks @executable_path/../../Frameworks";
				MARKETING_VERSION = 1.0.0;
				PRODUCT_BUNDLE_IDENTIFIER = dev.saywell.app.keyboard;
				SDKROOT = iphoneos;
				SKIP_INSTALL = YES;
				TARGETED_DEVICE_FAMILY = "1,2";
			};
			name = Release;
		};
		4CDBE6469D4A7E649698AF3F /* Debug */ = {
			isa = XCBuildConfiguration;
			buildSettings = {
				ASSETCATALOG_COMPILER_APPICON_NAME = AppIcon;
				ASSETCATALOG_COMPILER_GLOBAL_ACCENT_COLOR_NAME = AccentTeal;
				CODE_SIGN_ENTITLEMENTS = SayWell/SayWell.entitlements;
				CODE_SIGN_IDENTITY = "iPhone Developer";
				CODE_SIGN_STYLE = Automatic;
				CURRENT_PROJECT_VERSION = 1;
				DEVELOPMENT_TEAM = B2FR24RN8D;
				GENERATE_INFOPLIST_FILE = YES;
				INFOPLIST_KEY_CFBundleDisplayName = SayWell;
				INFOPLIST_KEY_LSApplicationCategoryType = "public.app-category.utilities";
				INFOPLIST_KEY_UIApplicationSceneManifest_Generation = YES;
				INFOPLIST_KEY_UILaunchScreen_Generation = YES;
				INFOPLIST_KEY_UISupportedInterfaceOrientations_iPad = "UIInterfaceOrientationPortrait UIInterfaceOrientationPortraitUpsideDown UIInterfaceOrientationLandscapeLeft UIInterfaceOrientationLandscapeRight";
				INFOPLIST_KEY_UISupportedInterfaceOrientations_iPhone = "UIInterfaceOrientationPortrait UIInterfaceOrientationLandscapeLeft UIInterfaceOrientationLandscapeRight";
				LD_RUNPATH_SEARCH_PATHS = (
					"$(inherited)",
					"@executable_path/Frameworks",
				);
				MARKETING_VERSION = 1.0.0;
				PRODUCT_BUNDLE_IDENTIFIER = dev.saywell.app;
				SDKROOT = iphoneos;
				TARGETED_DEVICE_FAMILY = "1,2";
			};
			name = Debug;
		};
		70F54BCC841C18D0087B2AAF /* Release */ = {
			isa = XCBuildConfiguration;
			buildSettings = {
				ASSETCATALOG_COMPILER_APPICON_NAME = AppIcon;
				ASSETCATALOG_COMPILER_GLOBAL_ACCENT_COLOR_NAME = AccentTeal;
				CODE_SIGN_ENTITLEMENTS = SayWell/SayWell.entitlements;
				CODE_SIGN_IDENTITY = "iPhone Developer";
				CODE_SIGN_STYLE = Automatic;
				CURRENT_PROJECT_VERSION = 1;
				DEVELOPMENT_TEAM = B2FR24RN8D;
				GENERATE_INFOPLIST_FILE = YES;
				INFOPLIST_KEY_CFBundleDisplayName = SayWell;
				INFOPLIST_KEY_LSApplicationCategoryType = "public.app-category.utilities";
				INFOPLIST_KEY_UIApplicationSceneManifest_Generation = YES;
				INFOPLIST_KEY_UILaunchScreen_Generation = YES;
				INFOPLIST_KEY_UISupportedInterfaceOrientations_iPad = "UIInterfaceOrientationPortrait UIInterfaceOrientationPortraitUpsideDown UIInterfaceOrientationLandscapeLeft UIInterfaceOrientationLandscapeRight";
				INFOPLIST_KEY_UISupportedInterfaceOrientations_iPhone = "UIInterfaceOrientationPortrait UIInterfaceOrientationLandscapeLeft UIInterfaceOrientationLandscapeRight";
				LD_RUNPATH_SEARCH_PATHS = (
					"$(inherited)",
					"@executable_path/Frameworks",
				);
				MARKETING_VERSION = 1.0.0;
				PRODUCT_BUNDLE_IDENTIFIER = dev.saywell.app;
				SDKROOT = iphoneos;
				TARGETED_DEVICE_FAMILY = "1,2";
			};
			name = Release;
		};
		C74BAB389FFC92DDC78CA2CD /* Release */ = {
			isa = XCBuildConfiguration;
			buildSettings = {
				ALWAYS_SEARCH_USER_PATHS = NO;
				CLANG_ANALYZER_NONNULL = YES;
				CLANG_ANALYZER_NUMBER_OBJECT_CONVERSION = YES_AGGRESSIVE;
				CLANG_CXX_LANGUAGE_STANDARD = "gnu++14";
				CLANG_CXX_LIBRARY = "libc++";
				CLANG_ENABLE_MODULES = YES;
				CLANG_ENABLE_OBJC_ARC = YES;
				CLANG_ENABLE_OBJC_WEAK = YES;
				CLANG_WARN_BLOCK_CAPTURE_AUTORELEASING = YES;
				CLANG_WARN_BOOL_CONVERSION = YES;
				CLANG_WARN_COMMA = YES;
				CLANG_WARN_CONSTANT_CONVERSION = YES;
				CLANG_WARN_DEPRECATED_OBJC_IMPLEMENTATIONS = YES;
				CLANG_WARN_DIRECT_OBJC_ISA_USAGE = YES_ERROR;
				CLANG_WARN_DOCUMENTATION_COMMENTS = YES;
				CLANG_WARN_EMPTY_BODY = YES;
				CLANG_WARN_ENUM_CONVERSION = YES;
				CLANG_WARN_INFINITE_RECURSION = YES;
				CLANG_WARN_INT_CONVERSION = YES;
				CLANG_WARN_NON_LITERAL_NULL_CONVERSION = YES;
				CLANG_WARN_OBJC_IMPLICIT_RETAIN_SELF = YES;
				CLANG_WARN_OBJC_LITERAL_CONVERSION = YES;
				CLANG_WARN_OBJC_ROOT_CLASS = YES_ERROR;
				CLANG_WARN_QUOTED_INCLUDE_IN_FRAMEWORK_HEADER = YES;
				CLANG_WARN_RANGE_LOOP_ANALYSIS = YES;
				CLANG_WARN_STRICT_PROTOTYPES = YES;
				CLANG_WARN_SUSPICIOUS_MOVE = YES;
				CLANG_WARN_UNGUARDED_AVAILABILITY = YES_AGGRESSIVE;
				CLANG_WARN_UNREACHABLE_CODE = YES;
				CLANG_WARN__DUPLICATE_METHOD_MATCH = YES;
				CODE_SIGN_STYLE = Automatic;
				COPY_PHASE_STRIP = NO;
				DEBUG_INFORMATION_FORMAT = "dwarf-with-dsym";
				DEVELOPMENT_TEAM = B2FR24RN8D;
				ENABLE_NS_ASSERTIONS = NO;
				ENABLE_STRICT_OBJC_MSGSEND = YES;
				ENABLE_USER_SCRIPT_SANDBOXING = YES;
				GCC_C_LANGUAGE_STANDARD = gnu11;
				GCC_NO_COMMON_BLOCKS = YES;
				GCC_WARN_64_TO_32_BIT_CONVERSION = YES;
				GCC_WARN_ABOUT_RETURN_TYPE = YES_ERROR;
				GCC_WARN_UNDECLARED_SELECTOR = YES;
				GCC_WARN_UNINITIALIZED_AUTOS = YES_AGGRESSIVE;
				GCC_WARN_UNUSED_FUNCTION = YES;
				GCC_WARN_UNUSED_VARIABLE = YES;
				IPHONEOS_DEPLOYMENT_TARGET = 17.0;
				MTL_ENABLE_DEBUG_INFO = NO;
				MTL_FAST_MATH = YES;
				PRODUCT_NAME = "$(TARGET_NAME)";
				SDKROOT = iphoneos;
				STRING_CATALOG_GENERATE_SYMBOLS = YES;
				SWIFT_COMPILATION_MODE = wholemodule;
				SWIFT_OPTIMIZATION_LEVEL = "-O";
				SWIFT_VERSION = 5.0;
				TARGETED_DEVICE_FAMILY = "1,2";
			};
			name = Release;
		};
		D1851A56D909D3D6C0F2D7CE /* Debug */ = {
			isa = XCBuildConfiguration;
			buildSettings = {
				CODE_SIGN_ENTITLEMENTS = SayWellKeyboard/SayWellKeyboard.entitlements;
				CODE_SIGN_STYLE = Automatic;
				CURRENT_PROJECT_VERSION = 1;
				DEVELOPMENT_TEAM = B2FR24RN8D;
				GENERATE_INFOPLIST_FILE = NO;
				INFOPLIST_FILE = SayWellKeyboard/Info.plist;
				LD_RUNPATH_SEARCH_PATHS = "$(inherited) @executable_path/Frameworks @executable_path/../../Frameworks";
				MARKETING_VERSION = 1.0.0;
				PRODUCT_BUNDLE_IDENTIFIER = dev.saywell.app.keyboard;
				SDKROOT = iphoneos;
				SKIP_INSTALL = YES;
				TARGETED_DEVICE_FAMILY = "1,2";
			};
			name = Debug;
		};
/* End XCBuildConfiguration section */

/* Begin XCConfigurationList section */
		579E54D5AEC784AFB75445D1 /* Build configuration list for PBXProject "SayWell" */ = {
			isa = XCConfigurationList;
			buildConfigurations = (
				0930A509CF7E9AA567013BEC /* Debug */,
				C74BAB389FFC92DDC78CA2CD /* Release */,
			);
			defaultConfigurationIsVisible = 0;
			defaultConfigurationName = Debug;
		};
		C22035DC0B805CEE0D39E735 /* Build configuration list for PBXNativeTarget "SayWellKeyboard" */ = {
			isa = XCConfigurationList;
			buildConfigurations = (
				D1851A56D909D3D6C0F2D7CE /* Debug */,
				4319FC8879F8ED4FCF86AD58 /* Release */,
			);
			defaultConfigurationIsVisible = 0;
			defaultConfigurationName = Debug;
		};
		CBC9C9EA5FD3E5FC28D89545 /* Build configuration list for PBXNativeTarget "SayWell" */ = {
			isa = XCConfigurationList;
			buildConfigurations = (
				4CDBE6469D4A7E649698AF3F /* Debug */,
				70F54BCC841C18D0087B2AAF /* Release */,
			);
			defaultConfigurationIsVisible = 0;
			defaultConfigurationName = Debug;
		};
/* End XCConfigurationList section */
	};
	rootObject = A053A6CA69C5550F5B9C33C6 /* Project object */;
}
